{
  "object": {
    "pins": [
      {
        "package": "cmark-gfm",
        "repositoryURL": "https://github.com/apple/swift-cmark.git",
        "state": {
          "branch": "gfm",
          "revision": "86aeb491675de6f077a3a6df6cbcac1a25dcbee1",
          "version": null
        }
      },
      {
        "package": "HTMLEntities",
        "repositoryURL": "https://github.com/Kitura/swift-html-entities.git",
        "state": {
          "branch": null,
          "revision": "2b14531d0c36dbb7c1c45a4d38db9c2e7898a307",
          "version": "3.0.200"
        }
      },
      {
        "package": "swift-markdown",
        "repositoryURL": "https://github.com/apple/swift-markdown.git",
        "state": {
          "branch": "main",
          "revision": "2c88ee595f84aa81aee6eaccf6705bba4f40c947",
          "version": null
        }
      }
    ]
  },
  "version": 1
}
